
Microsoft Visual Studio Solution File, Format Version 12.00
# Visual Studio 2013
VisualStudioVersion = 12.0.31101.0
MinimumVisualStudioVersion = 10.0.40219.1
Project("{2150E333-8FDC-42A3-9474-1A3956D46DE8}") = ".nuget", ".nuget", "{1F9F57D2-1C38-4C52-8680-32E876AE850B}"
	ProjectSection(SolutionItems) = preProject
		.nuget\NuGet.Config = .nuget\NuGet.Config
		.nuget\NuGet.exe = .nuget\NuGet.exe
		.nuget\NuGet.targets = .nuget\NuGet.targets
	EndProjectSection
EndProject
Project("{FAE04EC0-301F-11D3-BF4B-00C04F79EFBC}") = "TheGapFillers.Portrack", "TheGapFillers.Portrack\TheGapFillers.Portrack.csproj", "{C1A6CEE2-4930-4084-A69F-C37FDEBA5314}"
EndProject
Project("{FAE04EC0-301F-11D3-BF4B-00C04F79EFBC}") = "TheGapFillers.Portrack.Tests", "TheGapFillers.Portrack.Tests\TheGapFillers.Portrack.Tests.csproj", "{175D1ACE-7CD6-4700-894D-1DF9C4339BA5}"
EndProject
Project("{FAE04EC0-301F-11D3-BF4B-00C04F79EFBC}") = "TheGapFillers.Portrack.Models.Identity", "TheGapFillers.Portrack.Models.Identity\TheGapFillers.Portrack.Models.Identity.csproj", "{4165EB8D-9FF5-4B73-A088-0C9E330AA9ED}"
EndProject
Project("{FAE04EC0-301F-11D3-BF4B-00C04F79EFBC}") = "TheGapFillers.Portrack.Models.MarketData", "TheGapFillers.Portrack.Models.MarketData\TheGapFillers.Portrack.Models.MarketData.csproj", "{348D2AAE-B48D-4135-9EEB-AE55FD8A9F1C}"
EndProject
Project("{2150E333-8FDC-42A3-9474-1A3956D46DE8}") = "Models", "Models", "{FF1730CC-1CB9-4698-9F44-ABAA57297D23}"
EndProject
Project("{2150E333-8FDC-42A3-9474-1A3956D46DE8}") = "Providers", "Providers", "{7C5B6CD0-C08D-45B1-A612-9062AAEFF55F}"
EndProject
Project("{2150E333-8FDC-42A3-9474-1A3956D46DE8}") = "Repositories", "Repositories", "{9CF83DB8-9B84-42D5-AFD6-18C0DC00F749}"
EndProject
Project("{FAE04EC0-301F-11D3-BF4B-00C04F79EFBC}") = "TheGapFillers.Portrack.Providers.Identity", "TheGapFillers.Portrack.Providers.Identity\TheGapFillers.Portrack.Providers.Identity.csproj", "{FD6E442F-14EC-4B30-AC58-456CD8FA790E}"
EndProject
Project("{FAE04EC0-301F-11D3-BF4B-00C04F79EFBC}") = "TheGapFillers.Portrack.Providers.MarketData.Yahoo", "TheGapFillers.Portrack.Providers.MarketData.Yahoo\TheGapFillers.Portrack.Providers.MarketData.Yahoo.csproj", "{02FA1F91-F800-43A3-80A5-0EC7E7ACFED4}"
EndProject
Project("{FAE04EC0-301F-11D3-BF4B-00C04F79EFBC}") = "TheGapFillers.Portrack.Providers.MarketData", "TheGapFillers.Portrack.Providers.MarketData\TheGapFillers.Portrack.Providers.MarketData.csproj", "{8CC792BF-F2B3-4C5B-BB6D-D56F10943159}"
EndProject
Project("{FAE04EC0-301F-11D3-BF4B-00C04F79EFBC}") = "TheGapFillers.Portrack.Repositories.Identity", "TheGapFillers.Portrack.Repositories.Identity\TheGapFillers.Portrack.Repositories.Identity.csproj", "{B03BDBA2-159D-4B30-BE3B-858B8D773BE3}"
EndProject
Project("{FAE04EC0-301F-11D3-BF4B-00C04F79EFBC}") = "TheGapFillers.Portrack.Repositories.Application", "TheGapFillers.Portrack.Repositories.Application\TheGapFillers.Portrack.Repositories.Application.csproj", "{41D68509-5669-4F54-877B-A9356B6667D0}"
EndProject
Project("{FAE04EC0-301F-11D3-BF4B-00C04F79EFBC}") = "TheGapFillers.Portrack.Models.Application", "TheGapFillers.Portrack.Models.Application\TheGapFillers.Portrack.Models.Application.csproj", "{F07CF6F5-0A09-46D8-98D2-B8F3D66D2436}"
EndProject
Project("{FAE04EC0-301F-11D3-BF4B-00C04F79EFBC}") = "TheGapFillers.Portrack.Repositories.Application.EF", "TheGapFillers.Portrack.Repositories.Application.EF\TheGapFillers.Portrack.Repositories.Application.EF.csproj", "{74157DD8-D7C5-448F-9D0D-6164406E9F78}"
EndProject
Project("{2150E333-8FDC-42A3-9474-1A3956D46DE8}") = "Controllers", "Controllers", "{2D0EC910-6D47-4D5D-9D4F-FE126DB9596D}"
EndProject
Project("{FAE04EC0-301F-11D3-BF4B-00C04F79EFBC}") = "TheGapFillers.Portrack.Controllers.Application", "TheGapFillers.Portrack.Controllers.Application\TheGapFillers.Portrack.Controllers.Application.csproj", "{28610256-DD81-4A9F-B8CD-D14B7FA07326}"
EndProject
Project("{FAE04EC0-301F-11D3-BF4B-00C04F79EFBC}") = "TheGapFillers.Portrack.WebSite", "TheGapFillers.Portrack.WebSite\TheGapFillers.Portrack.WebSite.csproj", "{0F54500F-9F46-4600-A13F-DE32835D9C17}"
EndProject
Global
	GlobalSection(SolutionConfigurationPlatforms) = preSolution
		Debug|Any CPU = Debug|Any CPU
		Debug|ARM = Debug|ARM
		Debug|x64 = Debug|x64
		Debug|x86 = Debug|x86
		Release|Any CPU = Release|Any CPU
		Release|ARM = Release|ARM
		Release|x64 = Release|x64
		Release|x86 = Release|x86
	EndGlobalSection
	GlobalSection(ProjectConfigurationPlatforms) = postSolution
		{C1A6CEE2-4930-4084-A69F-C37FDEBA5314}.Debug|Any CPU.ActiveCfg = Debug|Any CPU
		{C1A6CEE2-4930-4084-A69F-C37FDEBA5314}.Debug|Any CPU.Build.0 = Debug|Any CPU
		{C1A6CEE2-4930-4084-A69F-C37FDEBA5314}.Debug|ARM.ActiveCfg = Debug|Any CPU
		{C1A6CEE2-4930-4084-A69F-C37FDEBA5314}.Debug|x64.ActiveCfg = Debug|Any CPU
		{C1A6CEE2-4930-4084-A69F-C37FDEBA5314}.Debug|x86.ActiveCfg = Debug|Any CPU
		{C1A6CEE2-4930-4084-A69F-C37FDEBA5314}.Release|Any CPU.ActiveCfg = Release|Any CPU
		{C1A6CEE2-4930-4084-A69F-C37FDEBA5314}.Release|Any CPU.Build.0 = Release|Any CPU
		{C1A6CEE2-4930-4084-A69F-C37FDEBA5314}.Release|ARM.ActiveCfg = Release|Any CPU
		{C1A6CEE2-4930-4084-A69F-C37FDEBA5314}.Release|x64.ActiveCfg = Release|Any CPU
		{C1A6CEE2-4930-4084-A69F-C37FDEBA5314}.Release|x86.ActiveCfg = Release|Any CPU
		{175D1ACE-7CD6-4700-894D-1DF9C4339BA5}.Debug|Any CPU.ActiveCfg = Debug|Any CPU
		{175D1ACE-7CD6-4700-894D-1DF9C4339BA5}.Debug|Any CPU.Build.0 = Debug|Any CPU
		{175D1ACE-7CD6-4700-894D-1DF9C4339BA5}.Debug|ARM.ActiveCfg = Debug|Any CPU
		{175D1ACE-7CD6-4700-894D-1DF9C4339BA5}.Debug|x64.ActiveCfg = Debug|Any CPU
		{175D1ACE-7CD6-4700-894D-1DF9C4339BA5}.Debug|x86.ActiveCfg = Debug|Any CPU
		{175D1ACE-7CD6-4700-894D-1DF9C4339BA5}.Release|Any CPU.ActiveCfg = Release|Any CPU
		{175D1ACE-7CD6-4700-894D-1DF9C4339BA5}.Release|Any CPU.Build.0 = Release|Any CPU
		{175D1ACE-7CD6-4700-894D-1DF9C4339BA5}.Release|ARM.ActiveCfg = Release|Any CPU
		{175D1ACE-7CD6-4700-894D-1DF9C4339BA5}.Release|x64.ActiveCfg = Release|Any CPU
		{175D1ACE-7CD6-4700-894D-1DF9C4339BA5}.Release|x86.ActiveCfg = Release|Any CPU
		{4165EB8D-9FF5-4B73-A088-0C9E330AA9ED}.Debug|Any CPU.ActiveCfg = Debug|Any CPU
		{4165EB8D-9FF5-4B73-A088-0C9E330AA9ED}.Debug|Any CPU.Build.0 = Debug|Any CPU
		{4165EB8D-9FF5-4B73-A088-0C9E330AA9ED}.Debug|ARM.ActiveCfg = Debug|Any CPU
		{4165EB8D-9FF5-4B73-A088-0C9E330AA9ED}.Debug|x64.ActiveCfg = Debug|Any CPU
		{4165EB8D-9FF5-4B73-A088-0C9E330AA9ED}.Debug|x86.ActiveCfg = Debug|Any CPU
		{4165EB8D-9FF5-4B73-A088-0C9E330AA9ED}.Release|Any CPU.ActiveCfg = Release|Any CPU
		{4165EB8D-9FF5-4B73-A088-0C9E330AA9ED}.Release|Any CPU.Build.0 = Release|Any CPU
		{4165EB8D-9FF5-4B73-A088-0C9E330AA9ED}.Release|ARM.ActiveCfg = Release|Any CPU
		{4165EB8D-9FF5-4B73-A088-0C9E330AA9ED}.Release|x64.ActiveCfg = Release|Any CPU
		{4165EB8D-9FF5-4B73-A088-0C9E330AA9ED}.Release|x86.ActiveCfg = Release|Any CPU
		{348D2AAE-B48D-4135-9EEB-AE55FD8A9F1C}.Debug|Any CPU.ActiveCfg = Debug|Any CPU
		{348D2AAE-B48D-4135-9EEB-AE55FD8A9F1C}.Debug|Any CPU.Build.0 = Debug|Any CPU
		{348D2AAE-B48D-4135-9EEB-AE55FD8A9F1C}.Debug|ARM.ActiveCfg = Debug|Any CPU
		{348D2AAE-B48D-4135-9EEB-AE55FD8A9F1C}.Debug|x64.ActiveCfg = Debug|Any CPU
		{348D2AAE-B48D-4135-9EEB-AE55FD8A9F1C}.Debug|x86.ActiveCfg = Debug|Any CPU
		{348D2AAE-B48D-4135-9EEB-AE55FD8A9F1C}.Release|Any CPU.ActiveCfg = Release|Any CPU
		{348D2AAE-B48D-4135-9EEB-AE55FD8A9F1C}.Release|Any CPU.Build.0 = Release|Any CPU
		{348D2AAE-B48D-4135-9EEB-AE55FD8A9F1C}.Release|ARM.ActiveCfg = Release|Any CPU
		{348D2AAE-B48D-4135-9EEB-AE55FD8A9F1C}.Release|x64.ActiveCfg = Release|Any CPU
		{348D2AAE-B48D-4135-9EEB-AE55FD8A9F1C}.Release|x86.ActiveCfg = Release|Any CPU
		{FD6E442F-14EC-4B30-AC58-456CD8FA790E}.Debug|Any CPU.ActiveCfg = Debug|Any CPU
		{FD6E442F-14EC-4B30-AC58-456CD8FA790E}.Debug|Any CPU.Build.0 = Debug|Any CPU
		{FD6E442F-14EC-4B30-AC58-456CD8FA790E}.Debug|ARM.ActiveCfg = Debug|Any CPU
		{FD6E442F-14EC-4B30-AC58-456CD8FA790E}.Debug|x64.ActiveCfg = Debug|Any CPU
		{FD6E442F-14EC-4B30-AC58-456CD8FA790E}.Debug|x86.ActiveCfg = Debug|Any CPU
		{FD6E442F-14EC-4B30-AC58-456CD8FA790E}.Release|Any CPU.ActiveCfg = Release|Any CPU
		{FD6E442F-14EC-4B30-AC58-456CD8FA790E}.Release|Any CPU.Build.0 = Release|Any CPU
		{FD6E442F-14EC-4B30-AC58-456CD8FA790E}.Release|ARM.ActiveCfg = Release|Any CPU
		{FD6E442F-14EC-4B30-AC58-456CD8FA790E}.Release|x64.ActiveCfg = Release|Any CPU
		{FD6E442F-14EC-4B30-AC58-456CD8FA790E}.Release|x86.ActiveCfg = Release|Any CPU
		{02FA1F91-F800-43A3-80A5-0EC7E7ACFED4}.Debug|Any CPU.ActiveCfg = Debug|Any CPU
		{02FA1F91-F800-43A3-80A5-0EC7E7ACFED4}.Debug|Any CPU.Build.0 = Debug|Any CPU
		{02FA1F91-F800-43A3-80A5-0EC7E7ACFED4}.Debug|ARM.ActiveCfg = Debug|Any CPU
		{02FA1F91-F800-43A3-80A5-0EC7E7ACFED4}.Debug|x64.ActiveCfg = Debug|Any CPU
		{02FA1F91-F800-43A3-80A5-0EC7E7ACFED4}.Debug|x86.ActiveCfg = Debug|Any CPU
		{02FA1F91-F800-43A3-80A5-0EC7E7ACFED4}.Release|Any CPU.ActiveCfg = Release|Any CPU
		{02FA1F91-F800-43A3-80A5-0EC7E7ACFED4}.Release|Any CPU.Build.0 = Release|Any CPU
		{02FA1F91-F800-43A3-80A5-0EC7E7ACFED4}.Release|ARM.ActiveCfg = Release|Any CPU
		{02FA1F91-F800-43A3-80A5-0EC7E7ACFED4}.Release|x64.ActiveCfg = Release|Any CPU
		{02FA1F91-F800-43A3-80A5-0EC7E7ACFED4}.Release|x86.ActiveCfg = Release|Any CPU
		{8CC792BF-F2B3-4C5B-BB6D-D56F10943159}.Debug|Any CPU.ActiveCfg = Debug|Any CPU
		{8CC792BF-F2B3-4C5B-BB6D-D56F10943159}.Debug|Any CPU.Build.0 = Debug|Any CPU
		{8CC792BF-F2B3-4C5B-BB6D-D56F10943159}.Debug|ARM.ActiveCfg = Debug|Any CPU
		{8CC792BF-F2B3-4C5B-BB6D-D56F10943159}.Debug|x64.ActiveCfg = Debug|Any CPU
		{8CC792BF-F2B3-4C5B-BB6D-D56F10943159}.Debug|x86.ActiveCfg = Debug|Any CPU
		{8CC792BF-F2B3-4C5B-BB6D-D56F10943159}.Release|Any CPU.ActiveCfg = Release|Any CPU
		{8CC792BF-F2B3-4C5B-BB6D-D56F10943159}.Release|Any CPU.Build.0 = Release|Any CPU
		{8CC792BF-F2B3-4C5B-BB6D-D56F10943159}.Release|ARM.ActiveCfg = Release|Any CPU
		{8CC792BF-F2B3-4C5B-BB6D-D56F10943159}.Release|x64.ActiveCfg = Release|Any CPU
		{8CC792BF-F2B3-4C5B-BB6D-D56F10943159}.Release|x86.ActiveCfg = Release|Any CPU
		{B03BDBA2-159D-4B30-BE3B-858B8D773BE3}.Debug|Any CPU.ActiveCfg = Debug|Any CPU
		{B03BDBA2-159D-4B30-BE3B-858B8D773BE3}.Debug|Any CPU.Build.0 = Debug|Any CPU
		{B03BDBA2-159D-4B30-BE3B-858B8D773BE3}.Debug|ARM.ActiveCfg = Debug|Any CPU
		{B03BDBA2-159D-4B30-BE3B-858B8D773BE3}.Debug|x64.ActiveCfg = Debug|Any CPU
		{B03BDBA2-159D-4B30-BE3B-858B8D773BE3}.Debug|x86.ActiveCfg = Debug|Any CPU
		{B03BDBA2-159D-4B30-BE3B-858B8D773BE3}.Release|Any CPU.ActiveCfg = Release|Any CPU
		{B03BDBA2-159D-4B30-BE3B-858B8D773BE3}.Release|Any CPU.Build.0 = Release|Any CPU
		{B03BDBA2-159D-4B30-BE3B-858B8D773BE3}.Release|ARM.ActiveCfg = Release|Any CPU
		{B03BDBA2-159D-4B30-BE3B-858B8D773BE3}.Release|x64.ActiveCfg = Release|Any CPU
		{B03BDBA2-159D-4B30-BE3B-858B8D773BE3}.Release|x86.ActiveCfg = Release|Any CPU
		{41D68509-5669-4F54-877B-A9356B6667D0}.Debug|Any CPU.ActiveCfg = Debug|Any CPU
		{41D68509-5669-4F54-877B-A9356B6667D0}.Debug|Any CPU.Build.0 = Debug|Any CPU
		{41D68509-5669-4F54-877B-A9356B6667D0}.Debug|ARM.ActiveCfg = Debug|Any CPU
		{41D68509-5669-4F54-877B-A9356B6667D0}.Debug|x64.ActiveCfg = Debug|Any CPU
		{41D68509-5669-4F54-877B-A9356B6667D0}.Debug|x86.ActiveCfg = Debug|Any CPU
		{41D68509-5669-4F54-877B-A9356B6667D0}.Release|Any CPU.ActiveCfg = Release|Any CPU
		{41D68509-5669-4F54-877B-A9356B6667D0}.Release|Any CPU.Build.0 = Release|Any CPU
		{41D68509-5669-4F54-877B-A9356B6667D0}.Release|ARM.ActiveCfg = Release|Any CPU
		{41D68509-5669-4F54-877B-A9356B6667D0}.Release|x64.ActiveCfg = Release|Any CPU
		{41D68509-5669-4F54-877B-A9356B6667D0}.Release|x86.ActiveCfg = Release|Any CPU
		{F07CF6F5-0A09-46D8-98D2-B8F3D66D2436}.Debug|Any CPU.ActiveCfg = Debug|Any CPU
		{F07CF6F5-0A09-46D8-98D2-B8F3D66D2436}.Debug|Any CPU.Build.0 = Debug|Any CPU
		{F07CF6F5-0A09-46D8-98D2-B8F3D66D2436}.Debug|ARM.ActiveCfg = Debug|Any CPU
		{F07CF6F5-0A09-46D8-98D2-B8F3D66D2436}.Debug|x64.ActiveCfg = Debug|Any CPU
		{F07CF6F5-0A09-46D8-98D2-B8F3D66D2436}.Debug|x86.ActiveCfg = Debug|Any CPU
		{F07CF6F5-0A09-46D8-98D2-B8F3D66D2436}.Release|Any CPU.ActiveCfg = Release|Any CPU
		{F07CF6F5-0A09-46D8-98D2-B8F3D66D2436}.Release|Any CPU.Build.0 = Release|Any CPU
		{F07CF6F5-0A09-46D8-98D2-B8F3D66D2436}.Release|ARM.ActiveCfg = Release|Any CPU
		{F07CF6F5-0A09-46D8-98D2-B8F3D66D2436}.Release|x64.ActiveCfg = Release|Any CPU
		{F07CF6F5-0A09-46D8-98D2-B8F3D66D2436}.Release|x86.ActiveCfg = Release|Any CPU
		{74157DD8-D7C5-448F-9D0D-6164406E9F78}.Debug|Any CPU.ActiveCfg = Debug|Any CPU
		{74157DD8-D7C5-448F-9D0D-6164406E9F78}.Debug|Any CPU.Build.0 = Debug|Any CPU
		{74157DD8-D7C5-448F-9D0D-6164406E9F78}.Debug|ARM.ActiveCfg = Debug|Any CPU
		{74157DD8-D7C5-448F-9D0D-6164406E9F78}.Debug|x64.ActiveCfg = Debug|Any CPU
		{74157DD8-D7C5-448F-9D0D-6164406E9F78}.Debug|x86.ActiveCfg = Debug|Any CPU
		{74157DD8-D7C5-448F-9D0D-6164406E9F78}.Release|Any CPU.ActiveCfg = Release|Any CPU
		{74157DD8-D7C5-448F-9D0D-6164406E9F78}.Release|Any CPU.Build.0 = Release|Any CPU
		{74157DD8-D7C5-448F-9D0D-6164406E9F78}.Release|ARM.ActiveCfg = Release|Any CPU
		{74157DD8-D7C5-448F-9D0D-6164406E9F78}.Release|x64.ActiveCfg = Release|Any CPU
		{74157DD8-D7C5-448F-9D0D-6164406E9F78}.Release|x86.ActiveCfg = Release|Any CPU
		{28610256-DD81-4A9F-B8CD-D14B7FA07326}.Debug|Any CPU.ActiveCfg = Debug|Any CPU
		{28610256-DD81-4A9F-B8CD-D14B7FA07326}.Debug|Any CPU.Build.0 = Debug|Any CPU
		{28610256-DD81-4A9F-B8CD-D14B7FA07326}.Debug|ARM.ActiveCfg = Debug|Any CPU
		{28610256-DD81-4A9F-B8CD-D14B7FA07326}.Debug|x64.ActiveCfg = Debug|Any CPU
		{28610256-DD81-4A9F-B8CD-D14B7FA07326}.Debug|x86.ActiveCfg = Debug|Any CPU
		{28610256-DD81-4A9F-B8CD-D14B7FA07326}.Release|Any CPU.ActiveCfg = Release|Any CPU
		{28610256-DD81-4A9F-B8CD-D14B7FA07326}.Release|Any CPU.Build.0 = Release|Any CPU
		{28610256-DD81-4A9F-B8CD-D14B7FA07326}.Release|ARM.ActiveCfg = Release|Any CPU
		{28610256-DD81-4A9F-B8CD-D14B7FA07326}.Release|x64.ActiveCfg = Release|Any CPU
		{28610256-DD81-4A9F-B8CD-D14B7FA07326}.Release|x86.ActiveCfg = Release|Any CPU
		{0F54500F-9F46-4600-A13F-DE32835D9C17}.Debug|Any CPU.ActiveCfg = Debug|Any CPU
		{0F54500F-9F46-4600-A13F-DE32835D9C17}.Debug|Any CPU.Build.0 = Debug|Any CPU
		{0F54500F-9F46-4600-A13F-DE32835D9C17}.Debug|ARM.ActiveCfg = Debug|Any CPU
		{0F54500F-9F46-4600-A13F-DE32835D9C17}.Debug|x64.ActiveCfg = Debug|Any CPU
		{0F54500F-9F46-4600-A13F-DE32835D9C17}.Debug|x86.ActiveCfg = Debug|Any CPU
		{0F54500F-9F46-4600-A13F-DE32835D9C17}.Release|Any CPU.ActiveCfg = Release|Any CPU
		{0F54500F-9F46-4600-A13F-DE32835D9C17}.Release|Any CPU.Build.0 = Release|Any CPU
		{0F54500F-9F46-4600-A13F-DE32835D9C17}.Release|ARM.ActiveCfg = Release|Any CPU
		{0F54500F-9F46-4600-A13F-DE32835D9C17}.Release|x64.ActiveCfg = Release|Any CPU
		{0F54500F-9F46-4600-A13F-DE32835D9C17}.Release|x86.ActiveCfg = Release|Any CPU
	EndGlobalSection
	GlobalSection(SolutionProperties) = preSolution
		HideSolutionNode = FALSE
	EndGlobalSection
	GlobalSection(NestedProjects) = preSolution
		{4165EB8D-9FF5-4B73-A088-0C9E330AA9ED} = {FF1730CC-1CB9-4698-9F44-ABAA57297D23}
		{348D2AAE-B48D-4135-9EEB-AE55FD8A9F1C} = {FF1730CC-1CB9-4698-9F44-ABAA57297D23}
		{FD6E442F-14EC-4B30-AC58-456CD8FA790E} = {7C5B6CD0-C08D-45B1-A612-9062AAEFF55F}
		{02FA1F91-F800-43A3-80A5-0EC7E7ACFED4} = {7C5B6CD0-C08D-45B1-A612-9062AAEFF55F}
		{8CC792BF-F2B3-4C5B-BB6D-D56F10943159} = {7C5B6CD0-C08D-45B1-A612-9062AAEFF55F}
		{B03BDBA2-159D-4B30-BE3B-858B8D773BE3} = {9CF83DB8-9B84-42D5-AFD6-18C0DC00F749}
		{41D68509-5669-4F54-877B-A9356B6667D0} = {9CF83DB8-9B84-42D5-AFD6-18C0DC00F749}
		{F07CF6F5-0A09-46D8-98D2-B8F3D66D2436} = {FF1730CC-1CB9-4698-9F44-ABAA57297D23}
		{74157DD8-D7C5-448F-9D0D-6164406E9F78} = {9CF83DB8-9B84-42D5-AFD6-18C0DC00F749}
		{28610256-DD81-4A9F-B8CD-D14B7FA07326} = {2D0EC910-6D47-4D5D-9D4F-FE126DB9596D}
	EndGlobalSection
EndGlobal
