
Microsoft Visual Studio Solution File, Format Version 12.00
# Visual Studio 2013
VisualStudioVersion = 12.0.31101.0
MinimumVisualStudioVersion = 10.0.40219.1
Project("{2150E333-8FDC-42A3-9474-1A3956D46DE8}") = ".nuget", ".nuget", "{1F9F57D2-1C38-4C52-8680-32E876AE850B}"
	ProjectSection(SolutionItems) = preProject
		.nuget\NuGet.Config = .nuget\NuGet.Config
		.nuget\NuGet.exe = .nuget\NuGet.exe
		.nuget\NuGet.targets = .nuget\NuGet.targets
	EndProjectSection
EndProject
Project("{FAE04EC0-301F-11D3-BF4B-00C04F79EFBC}") = "TheGapFillers.Portrack", "TheGapFillers.Portrack\TheGapFillers.Portrack.csproj", "{C1A6CEE2-4930-4084-A69F-C37FDEBA5314}"
EndProject
Project("{FAE04EC0-301F-11D3-BF4B-00C04F79EFBC}") = "TheGapFillers.Portrack.Tests", "TheGapFillers.Portrack.Tests\TheGapFillers.Portrack.Tests.csproj", "{175D1ACE-7CD6-4700-894D-1DF9C4339BA5}"
EndProject
Project("{2150E333-8FDC-42A3-9474-1A3956D46DE8}") = "Models", "Models", "{FF1730CC-1CB9-4698-9F44-ABAA57297D23}"
EndProject
Project("{2150E333-8FDC-42A3-9474-1A3956D46DE8}") = "Repositories", "Repositories", "{9CF83DB8-9B84-42D5-AFD6-18C0DC00F749}"
EndProject
Project("{FAE04EC0-301F-11D3-BF4B-00C04F79EFBC}") = "TheGapFillers.Portrack.Repositories.Application", "TheGapFillers.Portrack.Repositories.Application\TheGapFillers.Portrack.Repositories.Application.csproj", "{41D68509-5669-4F54-877B-A9356B6667D0}"
EndProject
Project("{FAE04EC0-301F-11D3-BF4B-00C04F79EFBC}") = "TheGapFillers.Portrack.Models.Application", "TheGapFillers.Portrack.Models.Application\TheGapFillers.Portrack.Models.Application.csproj", "{F07CF6F5-0A09-46D8-98D2-B8F3D66D2436}"
EndProject
Project("{FAE04EC0-301F-11D3-BF4B-00C04F79EFBC}") = "TheGapFillers.Portrack.Repositories.Application.EF", "TheGapFillers.Portrack.Repositories.Application.EF\TheGapFillers.Portrack.Repositories.Application.EF.csproj", "{74157DD8-D7C5-448F-9D0D-6164406E9F78}"
EndProject
Project("{2150E333-8FDC-42A3-9474-1A3956D46DE8}") = "Controllers", "Controllers", "{2D0EC910-6D47-4D5D-9D4F-FE126DB9596D}"
EndProject
Project("{FAE04EC0-301F-11D3-BF4B-00C04F79EFBC}") = "TheGapFillers.Portrack.Controllers.Application", "TheGapFillers.Portrack.Controllers.Application\TheGapFillers.Portrack.Controllers.Application.csproj", "{28610256-DD81-4A9F-B8CD-D14B7FA07326}"
EndProject
Project("{2150E333-8FDC-42A3-9474-1A3956D46DE8}") = "AuthService", "AuthService", "{8D1DC185-127C-4EBB-96F4-1888EF2D00A6}"
EndProject
Project("{2150E333-8FDC-42A3-9474-1A3956D46DE8}") = "Tests", "Tests", "{E98ECE7A-E633-40C7-8FFF-EBEA2A83990D}"
EndProject
Project("{CC5FD16D-436D-48AD-A40C-5A424C6E3E79}") = "TheGapFillers.AuthService.WorkerRole.Deploy", "..\TheGapFillers.AuthService\TheGapFillers.AuthService.WorkerRole.Deploy\TheGapFillers.AuthService.WorkerRole.Deploy.ccproj", "{796C4453-1848-4BA5-B00B-CEC2B8DDB233}"
EndProject
Project("{FAE04EC0-301F-11D3-BF4B-00C04F79EFBC}") = "TheGapFillers.AuthService.WorkerRole", "..\TheGapFillers.AuthService\TheGapFillers.AuthService.WorkerRole\TheGapFillers.AuthService.WorkerRole.csproj", "{862DD7A3-5E25-4923-9408-81A67B62F3BD}"
EndProject
Project("{2150E333-8FDC-42A3-9474-1A3956D46DE8}") = "Hosts", "Hosts", "{09BFC7E7-4AC8-4EF9-8D87-859F31366036}"
EndProject
Project("{2150E333-8FDC-42A3-9474-1A3956D46DE8}") = "WebApi", "WebApi", "{C97C9D1C-81C1-47AE-92A1-4C382C91DBF4}"
EndProject
Project("{FAE04EC0-301F-11D3-BF4B-00C04F79EFBC}") = "TheGapFillers.AuthService.Hosts.ConsoleApp", "..\TheGapFillers.AuthService\TheGapFillers.AuthService.Hosts.ConsoleApp\TheGapFillers.AuthService.Hosts.ConsoleApp.csproj", "{4458D3B7-5394-45B5-BEC6-D01AA26F648B}"
EndProject
Project("{FAE04EC0-301F-11D3-BF4B-00C04F79EFBC}") = "TheGapFillers.AuthService.WebApi", "..\TheGapFillers.AuthService\TheGapFillers.AuthService.WebApi\TheGapFillers.AuthService.WebApi.csproj", "{53677A13-128E-4752-941F-0E8EB690CB14}"
EndProject
Project("{FAE04EC0-301F-11D3-BF4B-00C04F79EFBC}") = "TheGapFillers.Portrack.WebSite", "TheGapFillers.Portrack.WebSite\TheGapFillers.Portrack.WebSite.csproj", "{0F54500F-9F46-4600-A13F-DE32835D9C17}"
EndProject
Project("{2150E333-8FDC-42A3-9474-1A3956D46DE8}") = "Shared", "Shared", "{BDE056AA-B878-4C05-838A-FF36B4A3B0AD}"
EndProject
Project("{2150E333-8FDC-42A3-9474-1A3956D46DE8}") = "Repositories", "Repositories", "{A77CF37A-44D8-472B-9A74-5DDDB41BC950}"
EndProject
Project("{2150E333-8FDC-42A3-9474-1A3956D46DE8}") = "Models", "Models", "{2D2DFBC8-9EA1-451D-9779-823226440CF1}"
EndProject
Project("{2150E333-8FDC-42A3-9474-1A3956D46DE8}") = "Providers", "Providers", "{833F0150-2E9C-4124-AFBB-944AB9FD52F6}"
EndProject
Project("{2150E333-8FDC-42A3-9474-1A3956D46DE8}") = "Auth", "Auth", "{A094F420-F331-4E71-87AF-5555608ED3BE}"
EndProject
Project("{2150E333-8FDC-42A3-9474-1A3956D46DE8}") = "MarketData", "MarketData", "{A6377B72-790A-4535-8085-974E0CB5CDA6}"
EndProject
Project("{2150E333-8FDC-42A3-9474-1A3956D46DE8}") = "Models", "Models", "{EE9C1135-2CFF-4886-BD49-ACA97B0F5C89}"
EndProject
Project("{2150E333-8FDC-42A3-9474-1A3956D46DE8}") = "Providers", "Providers", "{9F6BABB4-514C-4A8D-8CA7-2E8CE954C6F2}"
EndProject
Project("{FAE04EC0-301F-11D3-BF4B-00C04F79EFBC}") = "TheGapFillers.Auth.Models", "..\TheGapFillers.Shared\Auth\TheGapFillers.Auth.Models\TheGapFillers.Auth.Models.csproj", "{4165EB8D-9FF5-4B73-A088-0C9E330AA9ED}"
EndProject
Project("{FAE04EC0-301F-11D3-BF4B-00C04F79EFBC}") = "TheGapFillers.Auth.Providers", "..\TheGapFillers.Shared\Auth\TheGapFillers.Auth.Providers\TheGapFillers.Auth.Providers.csproj", "{FD6E442F-14EC-4B30-AC58-456CD8FA790E}"
EndProject
Project("{FAE04EC0-301F-11D3-BF4B-00C04F79EFBC}") = "TheGapFillers.Auth.Repositories", "..\TheGapFillers.Shared\Auth\TheGapFillers.Auth.Repositories\TheGapFillers.Auth.Repositories.csproj", "{B03BDBA2-159D-4B30-BE3B-858B8D773BE3}"
EndProject
Project("{FAE04EC0-301F-11D3-BF4B-00C04F79EFBC}") = "TheGapFillers.MarketData.Models", "..\TheGapFillers.Shared\MarketData\TheGapFillers.MarketData.Models\TheGapFillers.MarketData.Models.csproj", "{348D2AAE-B48D-4135-9EEB-AE55FD8A9F1C}"
EndProject
Project("{FAE04EC0-301F-11D3-BF4B-00C04F79EFBC}") = "TheGapFillers.MarketData.Providers", "..\TheGapFillers.Shared\MarketData\TheGapFillers.MarketData.Providers\TheGapFillers.MarketData.Providers.csproj", "{8CC792BF-F2B3-4C5B-BB6D-D56F10943159}"
EndProject
Project("{FAE04EC0-301F-11D3-BF4B-00C04F79EFBC}") = "TheGapFillers.MarketData.Providers.Yahoo", "..\TheGapFillers.Shared\MarketData\TheGapFillers.MarketData.Providers.Yahoo\TheGapFillers.MarketData.Providers.Yahoo.csproj", "{02FA1F91-F800-43A3-80A5-0EC7E7ACFED4}"
EndProject
Project("{2150E333-8FDC-42A3-9474-1A3956D46DE8}") = "Tools", "Tools", "{4B42FA48-748E-401A-8AB5-2CA340D6E763}"
EndProject
Project("{FAE04EC0-301F-11D3-BF4B-00C04F79EFBC}") = "TheGapFillers.Tools", "TheGapFillers.Tools\TheGapFillers.Tools.csproj", "{581FA0CF-FB25-43F9-BD58-4C02BE272F4F}"
EndProject
Global
	GlobalSection(SolutionConfigurationPlatforms) = preSolution
		Debug|Any CPU = Debug|Any CPU
		Debug|ARM = Debug|ARM
		Debug|x64 = Debug|x64
		Debug|x86 = Debug|x86
		Release|Any CPU = Release|Any CPU
		Release|ARM = Release|ARM
		Release|x64 = Release|x64
		Release|x86 = Release|x86
	EndGlobalSection
	GlobalSection(ProjectConfigurationPlatforms) = postSolution
		{C1A6CEE2-4930-4084-A69F-C37FDEBA5314}.Debug|Any CPU.ActiveCfg = Debug|Any CPU
		{C1A6CEE2-4930-4084-A69F-C37FDEBA5314}.Debug|Any CPU.Build.0 = Debug|Any CPU
		{C1A6CEE2-4930-4084-A69F-C37FDEBA5314}.Debug|ARM.ActiveCfg = Debug|Any CPU
		{C1A6CEE2-4930-4084-A69F-C37FDEBA5314}.Debug|x64.ActiveCfg = Debug|Any CPU
		{C1A6CEE2-4930-4084-A69F-C37FDEBA5314}.Debug|x86.ActiveCfg = Debug|Any CPU
		{C1A6CEE2-4930-4084-A69F-C37FDEBA5314}.Release|Any CPU.ActiveCfg = Release|Any CPU
		{C1A6CEE2-4930-4084-A69F-C37FDEBA5314}.Release|Any CPU.Build.0 = Release|Any CPU
		{C1A6CEE2-4930-4084-A69F-C37FDEBA5314}.Release|ARM.ActiveCfg = Release|Any CPU
		{C1A6CEE2-4930-4084-A69F-C37FDEBA5314}.Release|x64.ActiveCfg = Release|Any CPU
		{C1A6CEE2-4930-4084-A69F-C37FDEBA5314}.Release|x86.ActiveCfg = Release|Any CPU
		{175D1ACE-7CD6-4700-894D-1DF9C4339BA5}.Debug|Any CPU.ActiveCfg = Debug|Any CPU
		{175D1ACE-7CD6-4700-894D-1DF9C4339BA5}.Debug|Any CPU.Build.0 = Debug|Any CPU
		{175D1ACE-7CD6-4700-894D-1DF9C4339BA5}.Debug|ARM.ActiveCfg = Debug|Any CPU
		{175D1ACE-7CD6-4700-894D-1DF9C4339BA5}.Debug|x64.ActiveCfg = Debug|Any CPU
		{175D1ACE-7CD6-4700-894D-1DF9C4339BA5}.Debug|x86.ActiveCfg = Debug|Any CPU
		{175D1ACE-7CD6-4700-894D-1DF9C4339BA5}.Release|Any CPU.ActiveCfg = Release|Any CPU
		{175D1ACE-7CD6-4700-894D-1DF9C4339BA5}.Release|Any CPU.Build.0 = Release|Any CPU
		{175D1ACE-7CD6-4700-894D-1DF9C4339BA5}.Release|ARM.ActiveCfg = Release|Any CPU
		{175D1ACE-7CD6-4700-894D-1DF9C4339BA5}.Release|x64.ActiveCfg = Release|Any CPU
		{175D1ACE-7CD6-4700-894D-1DF9C4339BA5}.Release|x86.ActiveCfg = Release|Any CPU
		{41D68509-5669-4F54-877B-A9356B6667D0}.Debug|Any CPU.ActiveCfg = Debug|Any CPU
		{41D68509-5669-4F54-877B-A9356B6667D0}.Debug|Any CPU.Build.0 = Debug|Any CPU
		{41D68509-5669-4F54-877B-A9356B6667D0}.Debug|ARM.ActiveCfg = Debug|Any CPU
		{41D68509-5669-4F54-877B-A9356B6667D0}.Debug|x64.ActiveCfg = Debug|Any CPU
		{41D68509-5669-4F54-877B-A9356B6667D0}.Debug|x86.ActiveCfg = Debug|Any CPU
		{41D68509-5669-4F54-877B-A9356B6667D0}.Release|Any CPU.ActiveCfg = Release|Any CPU
		{41D68509-5669-4F54-877B-A9356B6667D0}.Release|Any CPU.Build.0 = Release|Any CPU
		{41D68509-5669-4F54-877B-A9356B6667D0}.Release|ARM.ActiveCfg = Release|Any CPU
		{41D68509-5669-4F54-877B-A9356B6667D0}.Release|x64.ActiveCfg = Release|Any CPU
		{41D68509-5669-4F54-877B-A9356B6667D0}.Release|x86.ActiveCfg = Release|Any CPU
		{F07CF6F5-0A09-46D8-98D2-B8F3D66D2436}.Debug|Any CPU.ActiveCfg = Debug|Any CPU
		{F07CF6F5-0A09-46D8-98D2-B8F3D66D2436}.Debug|Any CPU.Build.0 = Debug|Any CPU
		{F07CF6F5-0A09-46D8-98D2-B8F3D66D2436}.Debug|ARM.ActiveCfg = Debug|Any CPU
		{F07CF6F5-0A09-46D8-98D2-B8F3D66D2436}.Debug|x64.ActiveCfg = Debug|Any CPU
		{F07CF6F5-0A09-46D8-98D2-B8F3D66D2436}.Debug|x86.ActiveCfg = Debug|Any CPU
		{F07CF6F5-0A09-46D8-98D2-B8F3D66D2436}.Release|Any CPU.ActiveCfg = Release|Any CPU
		{F07CF6F5-0A09-46D8-98D2-B8F3D66D2436}.Release|Any CPU.Build.0 = Release|Any CPU
		{F07CF6F5-0A09-46D8-98D2-B8F3D66D2436}.Release|ARM.ActiveCfg = Release|Any CPU
		{F07CF6F5-0A09-46D8-98D2-B8F3D66D2436}.Release|x64.ActiveCfg = Release|Any CPU
		{F07CF6F5-0A09-46D8-98D2-B8F3D66D2436}.Release|x86.ActiveCfg = Release|Any CPU
		{74157DD8-D7C5-448F-9D0D-6164406E9F78}.Debug|Any CPU.ActiveCfg = Debug|Any CPU
		{74157DD8-D7C5-448F-9D0D-6164406E9F78}.Debug|Any CPU.Build.0 = Debug|Any CPU
		{74157DD8-D7C5-448F-9D0D-6164406E9F78}.Debug|ARM.ActiveCfg = Debug|Any CPU
		{74157DD8-D7C5-448F-9D0D-6164406E9F78}.Debug|x64.ActiveCfg = Debug|Any CPU
		{74157DD8-D7C5-448F-9D0D-6164406E9F78}.Debug|x86.ActiveCfg = Debug|Any CPU
		{74157DD8-D7C5-448F-9D0D-6164406E9F78}.Release|Any CPU.ActiveCfg = Release|Any CPU
		{74157DD8-D7C5-448F-9D0D-6164406E9F78}.Release|Any CPU.Build.0 = Release|Any CPU
		{74157DD8-D7C5-448F-9D0D-6164406E9F78}.Release|ARM.ActiveCfg = Release|Any CPU
		{74157DD8-D7C5-448F-9D0D-6164406E9F78}.Release|x64.ActiveCfg = Release|Any CPU
		{74157DD8-D7C5-448F-9D0D-6164406E9F78}.Release|x86.ActiveCfg = Release|Any CPU
		{28610256-DD81-4A9F-B8CD-D14B7FA07326}.Debug|Any CPU.ActiveCfg = Debug|Any CPU
		{28610256-DD81-4A9F-B8CD-D14B7FA07326}.Debug|Any CPU.Build.0 = Debug|Any CPU
		{28610256-DD81-4A9F-B8CD-D14B7FA07326}.Debug|ARM.ActiveCfg = Debug|Any CPU
		{28610256-DD81-4A9F-B8CD-D14B7FA07326}.Debug|x64.ActiveCfg = Debug|Any CPU
		{28610256-DD81-4A9F-B8CD-D14B7FA07326}.Debug|x86.ActiveCfg = Debug|Any CPU
		{28610256-DD81-4A9F-B8CD-D14B7FA07326}.Release|Any CPU.ActiveCfg = Release|Any CPU
		{28610256-DD81-4A9F-B8CD-D14B7FA07326}.Release|Any CPU.Build.0 = Release|Any CPU
		{28610256-DD81-4A9F-B8CD-D14B7FA07326}.Release|ARM.ActiveCfg = Release|Any CPU
		{28610256-DD81-4A9F-B8CD-D14B7FA07326}.Release|x64.ActiveCfg = Release|Any CPU
		{28610256-DD81-4A9F-B8CD-D14B7FA07326}.Release|x86.ActiveCfg = Release|Any CPU
		{796C4453-1848-4BA5-B00B-CEC2B8DDB233}.Debug|Any CPU.ActiveCfg = Debug|Any CPU
		{796C4453-1848-4BA5-B00B-CEC2B8DDB233}.Debug|Any CPU.Build.0 = Debug|Any CPU
		{796C4453-1848-4BA5-B00B-CEC2B8DDB233}.Debug|ARM.ActiveCfg = Debug|Any CPU
		{796C4453-1848-4BA5-B00B-CEC2B8DDB233}.Debug|x64.ActiveCfg = Debug|Any CPU
		{796C4453-1848-4BA5-B00B-CEC2B8DDB233}.Debug|x86.ActiveCfg = Debug|Any CPU
		{796C4453-1848-4BA5-B00B-CEC2B8DDB233}.Release|Any CPU.ActiveCfg = Release|Any CPU
		{796C4453-1848-4BA5-B00B-CEC2B8DDB233}.Release|Any CPU.Build.0 = Release|Any CPU
		{796C4453-1848-4BA5-B00B-CEC2B8DDB233}.Release|ARM.ActiveCfg = Release|Any CPU
		{796C4453-1848-4BA5-B00B-CEC2B8DDB233}.Release|x64.ActiveCfg = Release|Any CPU
		{796C4453-1848-4BA5-B00B-CEC2B8DDB233}.Release|x86.ActiveCfg = Release|Any CPU
		{862DD7A3-5E25-4923-9408-81A67B62F3BD}.Debug|Any CPU.ActiveCfg = Debug|Any CPU
		{862DD7A3-5E25-4923-9408-81A67B62F3BD}.Debug|Any CPU.Build.0 = Debug|Any CPU
		{862DD7A3-5E25-4923-9408-81A67B62F3BD}.Debug|ARM.ActiveCfg = Debug|Any CPU
		{862DD7A3-5E25-4923-9408-81A67B62F3BD}.Debug|x64.ActiveCfg = Debug|Any CPU
		{862DD7A3-5E25-4923-9408-81A67B62F3BD}.Debug|x86.ActiveCfg = Debug|Any CPU
		{862DD7A3-5E25-4923-9408-81A67B62F3BD}.Release|Any CPU.ActiveCfg = Release|Any CPU
		{862DD7A3-5E25-4923-9408-81A67B62F3BD}.Release|Any CPU.Build.0 = Release|Any CPU
		{862DD7A3-5E25-4923-9408-81A67B62F3BD}.Release|ARM.ActiveCfg = Release|Any CPU
		{862DD7A3-5E25-4923-9408-81A67B62F3BD}.Release|x64.ActiveCfg = Release|Any CPU
		{862DD7A3-5E25-4923-9408-81A67B62F3BD}.Release|x86.ActiveCfg = Release|Any CPU
		{4458D3B7-5394-45B5-BEC6-D01AA26F648B}.Debug|Any CPU.ActiveCfg = Debug|Any CPU
		{4458D3B7-5394-45B5-BEC6-D01AA26F648B}.Debug|Any CPU.Build.0 = Debug|Any CPU
		{4458D3B7-5394-45B5-BEC6-D01AA26F648B}.Debug|ARM.ActiveCfg = Debug|Any CPU
		{4458D3B7-5394-45B5-BEC6-D01AA26F648B}.Debug|x64.ActiveCfg = Debug|Any CPU
		{4458D3B7-5394-45B5-BEC6-D01AA26F648B}.Debug|x86.ActiveCfg = Debug|Any CPU
		{4458D3B7-5394-45B5-BEC6-D01AA26F648B}.Release|Any CPU.ActiveCfg = Release|Any CPU
		{4458D3B7-5394-45B5-BEC6-D01AA26F648B}.Release|Any CPU.Build.0 = Release|Any CPU
		{4458D3B7-5394-45B5-BEC6-D01AA26F648B}.Release|ARM.ActiveCfg = Release|Any CPU
		{4458D3B7-5394-45B5-BEC6-D01AA26F648B}.Release|x64.ActiveCfg = Release|Any CPU
		{4458D3B7-5394-45B5-BEC6-D01AA26F648B}.Release|x86.ActiveCfg = Release|Any CPU
		{53677A13-128E-4752-941F-0E8EB690CB14}.Debug|Any CPU.ActiveCfg = Debug|Any CPU
		{53677A13-128E-4752-941F-0E8EB690CB14}.Debug|Any CPU.Build.0 = Debug|Any CPU
		{53677A13-128E-4752-941F-0E8EB690CB14}.Debug|ARM.ActiveCfg = Debug|Any CPU
		{53677A13-128E-4752-941F-0E8EB690CB14}.Debug|x64.ActiveCfg = Debug|Any CPU
		{53677A13-128E-4752-941F-0E8EB690CB14}.Debug|x86.ActiveCfg = Debug|Any CPU
		{53677A13-128E-4752-941F-0E8EB690CB14}.Release|Any CPU.ActiveCfg = Release|Any CPU
		{53677A13-128E-4752-941F-0E8EB690CB14}.Release|Any CPU.Build.0 = Release|Any CPU
		{53677A13-128E-4752-941F-0E8EB690CB14}.Release|ARM.ActiveCfg = Release|Any CPU
		{53677A13-128E-4752-941F-0E8EB690CB14}.Release|x64.ActiveCfg = Release|Any CPU
		{53677A13-128E-4752-941F-0E8EB690CB14}.Release|x86.ActiveCfg = Release|Any CPU
		{0F54500F-9F46-4600-A13F-DE32835D9C17}.Debug|Any CPU.ActiveCfg = Debug|Any CPU
		{0F54500F-9F46-4600-A13F-DE32835D9C17}.Debug|Any CPU.Build.0 = Debug|Any CPU
		{0F54500F-9F46-4600-A13F-DE32835D9C17}.Debug|ARM.ActiveCfg = Debug|Any CPU
		{0F54500F-9F46-4600-A13F-DE32835D9C17}.Debug|x64.ActiveCfg = Debug|Any CPU
		{0F54500F-9F46-4600-A13F-DE32835D9C17}.Debug|x86.ActiveCfg = Debug|Any CPU
		{0F54500F-9F46-4600-A13F-DE32835D9C17}.Release|Any CPU.ActiveCfg = Release|Any CPU
		{0F54500F-9F46-4600-A13F-DE32835D9C17}.Release|Any CPU.Build.0 = Release|Any CPU
		{0F54500F-9F46-4600-A13F-DE32835D9C17}.Release|ARM.ActiveCfg = Release|Any CPU
		{0F54500F-9F46-4600-A13F-DE32835D9C17}.Release|x64.ActiveCfg = Release|Any CPU
		{0F54500F-9F46-4600-A13F-DE32835D9C17}.Release|x86.ActiveCfg = Release|Any CPU
		{4165EB8D-9FF5-4B73-A088-0C9E330AA9ED}.Debug|Any CPU.ActiveCfg = Debug|Any CPU
		{4165EB8D-9FF5-4B73-A088-0C9E330AA9ED}.Debug|Any CPU.Build.0 = Debug|Any CPU
		{4165EB8D-9FF5-4B73-A088-0C9E330AA9ED}.Debug|ARM.ActiveCfg = Debug|Any CPU
		{4165EB8D-9FF5-4B73-A088-0C9E330AA9ED}.Debug|x64.ActiveCfg = Debug|Any CPU
		{4165EB8D-9FF5-4B73-A088-0C9E330AA9ED}.Debug|x86.ActiveCfg = Debug|Any CPU
		{4165EB8D-9FF5-4B73-A088-0C9E330AA9ED}.Release|Any CPU.ActiveCfg = Release|Any CPU
		{4165EB8D-9FF5-4B73-A088-0C9E330AA9ED}.Release|Any CPU.Build.0 = Release|Any CPU
		{4165EB8D-9FF5-4B73-A088-0C9E330AA9ED}.Release|ARM.ActiveCfg = Release|Any CPU
		{4165EB8D-9FF5-4B73-A088-0C9E330AA9ED}.Release|x64.ActiveCfg = Release|Any CPU
		{4165EB8D-9FF5-4B73-A088-0C9E330AA9ED}.Release|x86.ActiveCfg = Release|Any CPU
		{FD6E442F-14EC-4B30-AC58-456CD8FA790E}.Debug|Any CPU.ActiveCfg = Debug|Any CPU
		{FD6E442F-14EC-4B30-AC58-456CD8FA790E}.Debug|Any CPU.Build.0 = Debug|Any CPU
		{FD6E442F-14EC-4B30-AC58-456CD8FA790E}.Debug|ARM.ActiveCfg = Debug|Any CPU
		{FD6E442F-14EC-4B30-AC58-456CD8FA790E}.Debug|x64.ActiveCfg = Debug|Any CPU
		{FD6E442F-14EC-4B30-AC58-456CD8FA790E}.Debug|x86.ActiveCfg = Debug|Any CPU
		{FD6E442F-14EC-4B30-AC58-456CD8FA790E}.Release|Any CPU.ActiveCfg = Release|Any CPU
		{FD6E442F-14EC-4B30-AC58-456CD8FA790E}.Release|Any CPU.Build.0 = Release|Any CPU
		{FD6E442F-14EC-4B30-AC58-456CD8FA790E}.Release|ARM.ActiveCfg = Release|Any CPU
		{FD6E442F-14EC-4B30-AC58-456CD8FA790E}.Release|x64.ActiveCfg = Release|Any CPU
		{FD6E442F-14EC-4B30-AC58-456CD8FA790E}.Release|x86.ActiveCfg = Release|Any CPU
		{B03BDBA2-159D-4B30-BE3B-858B8D773BE3}.Debug|Any CPU.ActiveCfg = Debug|Any CPU
		{B03BDBA2-159D-4B30-BE3B-858B8D773BE3}.Debug|Any CPU.Build.0 = Debug|Any CPU
		{B03BDBA2-159D-4B30-BE3B-858B8D773BE3}.Debug|ARM.ActiveCfg = Debug|Any CPU
		{B03BDBA2-159D-4B30-BE3B-858B8D773BE3}.Debug|x64.ActiveCfg = Debug|Any CPU
		{B03BDBA2-159D-4B30-BE3B-858B8D773BE3}.Debug|x86.ActiveCfg = Debug|Any CPU
		{B03BDBA2-159D-4B30-BE3B-858B8D773BE3}.Release|Any CPU.ActiveCfg = Release|Any CPU
		{B03BDBA2-159D-4B30-BE3B-858B8D773BE3}.Release|Any CPU.Build.0 = Release|Any CPU
		{B03BDBA2-159D-4B30-BE3B-858B8D773BE3}.Release|ARM.ActiveCfg = Release|Any CPU
		{B03BDBA2-159D-4B30-BE3B-858B8D773BE3}.Release|x64.ActiveCfg = Release|Any CPU
		{B03BDBA2-159D-4B30-BE3B-858B8D773BE3}.Release|x86.ActiveCfg = Release|Any CPU
		{348D2AAE-B48D-4135-9EEB-AE55FD8A9F1C}.Debug|Any CPU.ActiveCfg = Debug|Any CPU
		{348D2AAE-B48D-4135-9EEB-AE55FD8A9F1C}.Debug|Any CPU.Build.0 = Debug|Any CPU
		{348D2AAE-B48D-4135-9EEB-AE55FD8A9F1C}.Debug|ARM.ActiveCfg = Debug|Any CPU
		{348D2AAE-B48D-4135-9EEB-AE55FD8A9F1C}.Debug|x64.ActiveCfg = Debug|Any CPU
		{348D2AAE-B48D-4135-9EEB-AE55FD8A9F1C}.Debug|x86.ActiveCfg = Debug|Any CPU
		{348D2AAE-B48D-4135-9EEB-AE55FD8A9F1C}.Release|Any CPU.ActiveCfg = Release|Any CPU
		{348D2AAE-B48D-4135-9EEB-AE55FD8A9F1C}.Release|Any CPU.Build.0 = Release|Any CPU
		{348D2AAE-B48D-4135-9EEB-AE55FD8A9F1C}.Release|ARM.ActiveCfg = Release|Any CPU
		{348D2AAE-B48D-4135-9EEB-AE55FD8A9F1C}.Release|x64.ActiveCfg = Release|Any CPU
		{348D2AAE-B48D-4135-9EEB-AE55FD8A9F1C}.Release|x86.ActiveCfg = Release|Any CPU
		{8CC792BF-F2B3-4C5B-BB6D-D56F10943159}.Debug|Any CPU.ActiveCfg = Debug|Any CPU
		{8CC792BF-F2B3-4C5B-BB6D-D56F10943159}.Debug|Any CPU.Build.0 = Debug|Any CPU
		{8CC792BF-F2B3-4C5B-BB6D-D56F10943159}.Debug|ARM.ActiveCfg = Debug|Any CPU
		{8CC792BF-F2B3-4C5B-BB6D-D56F10943159}.Debug|x64.ActiveCfg = Debug|Any CPU
		{8CC792BF-F2B3-4C5B-BB6D-D56F10943159}.Debug|x86.ActiveCfg = Debug|Any CPU
		{8CC792BF-F2B3-4C5B-BB6D-D56F10943159}.Release|Any CPU.ActiveCfg = Release|Any CPU
		{8CC792BF-F2B3-4C5B-BB6D-D56F10943159}.Release|Any CPU.Build.0 = Release|Any CPU
		{8CC792BF-F2B3-4C5B-BB6D-D56F10943159}.Release|ARM.ActiveCfg = Release|Any CPU
		{8CC792BF-F2B3-4C5B-BB6D-D56F10943159}.Release|x64.ActiveCfg = Release|Any CPU
		{8CC792BF-F2B3-4C5B-BB6D-D56F10943159}.Release|x86.ActiveCfg = Release|Any CPU
		{02FA1F91-F800-43A3-80A5-0EC7E7ACFED4}.Debug|Any CPU.ActiveCfg = Debug|Any CPU
		{02FA1F91-F800-43A3-80A5-0EC7E7ACFED4}.Debug|Any CPU.Build.0 = Debug|Any CPU
		{02FA1F91-F800-43A3-80A5-0EC7E7ACFED4}.Debug|ARM.ActiveCfg = Debug|Any CPU
		{02FA1F91-F800-43A3-80A5-0EC7E7ACFED4}.Debug|x64.ActiveCfg = Debug|Any CPU
		{02FA1F91-F800-43A3-80A5-0EC7E7ACFED4}.Debug|x86.ActiveCfg = Debug|Any CPU
		{02FA1F91-F800-43A3-80A5-0EC7E7ACFED4}.Release|Any CPU.ActiveCfg = Release|Any CPU
		{02FA1F91-F800-43A3-80A5-0EC7E7ACFED4}.Release|Any CPU.Build.0 = Release|Any CPU
		{02FA1F91-F800-43A3-80A5-0EC7E7ACFED4}.Release|ARM.ActiveCfg = Release|Any CPU
		{02FA1F91-F800-43A3-80A5-0EC7E7ACFED4}.Release|x64.ActiveCfg = Release|Any CPU
		{02FA1F91-F800-43A3-80A5-0EC7E7ACFED4}.Release|x86.ActiveCfg = Release|Any CPU
		{581FA0CF-FB25-43F9-BD58-4C02BE272F4F}.Debug|Any CPU.ActiveCfg = Debug|Any CPU
		{581FA0CF-FB25-43F9-BD58-4C02BE272F4F}.Debug|Any CPU.Build.0 = Debug|Any CPU
		{581FA0CF-FB25-43F9-BD58-4C02BE272F4F}.Debug|ARM.ActiveCfg = Debug|Any CPU
		{581FA0CF-FB25-43F9-BD58-4C02BE272F4F}.Debug|x64.ActiveCfg = Debug|Any CPU
		{581FA0CF-FB25-43F9-BD58-4C02BE272F4F}.Debug|x86.ActiveCfg = Debug|Any CPU
		{581FA0CF-FB25-43F9-BD58-4C02BE272F4F}.Release|Any CPU.ActiveCfg = Release|Any CPU
		{581FA0CF-FB25-43F9-BD58-4C02BE272F4F}.Release|Any CPU.Build.0 = Release|Any CPU
		{581FA0CF-FB25-43F9-BD58-4C02BE272F4F}.Release|ARM.ActiveCfg = Release|Any CPU
		{581FA0CF-FB25-43F9-BD58-4C02BE272F4F}.Release|x64.ActiveCfg = Release|Any CPU
		{581FA0CF-FB25-43F9-BD58-4C02BE272F4F}.Release|x86.ActiveCfg = Release|Any CPU
	EndGlobalSection
	GlobalSection(SolutionProperties) = preSolution
		HideSolutionNode = FALSE
	EndGlobalSection
	GlobalSection(NestedProjects) = preSolution
		{175D1ACE-7CD6-4700-894D-1DF9C4339BA5} = {E98ECE7A-E633-40C7-8FFF-EBEA2A83990D}
		{41D68509-5669-4F54-877B-A9356B6667D0} = {9CF83DB8-9B84-42D5-AFD6-18C0DC00F749}
		{F07CF6F5-0A09-46D8-98D2-B8F3D66D2436} = {FF1730CC-1CB9-4698-9F44-ABAA57297D23}
		{74157DD8-D7C5-448F-9D0D-6164406E9F78} = {9CF83DB8-9B84-42D5-AFD6-18C0DC00F749}
		{28610256-DD81-4A9F-B8CD-D14B7FA07326} = {2D0EC910-6D47-4D5D-9D4F-FE126DB9596D}
		{796C4453-1848-4BA5-B00B-CEC2B8DDB233} = {09BFC7E7-4AC8-4EF9-8D87-859F31366036}
		{862DD7A3-5E25-4923-9408-81A67B62F3BD} = {09BFC7E7-4AC8-4EF9-8D87-859F31366036}
		{09BFC7E7-4AC8-4EF9-8D87-859F31366036} = {8D1DC185-127C-4EBB-96F4-1888EF2D00A6}
		{C97C9D1C-81C1-47AE-92A1-4C382C91DBF4} = {8D1DC185-127C-4EBB-96F4-1888EF2D00A6}
		{4458D3B7-5394-45B5-BEC6-D01AA26F648B} = {09BFC7E7-4AC8-4EF9-8D87-859F31366036}
		{53677A13-128E-4752-941F-0E8EB690CB14} = {C97C9D1C-81C1-47AE-92A1-4C382C91DBF4}
		{A77CF37A-44D8-472B-9A74-5DDDB41BC950} = {A094F420-F331-4E71-87AF-5555608ED3BE}
		{2D2DFBC8-9EA1-451D-9779-823226440CF1} = {A094F420-F331-4E71-87AF-5555608ED3BE}
		{833F0150-2E9C-4124-AFBB-944AB9FD52F6} = {A094F420-F331-4E71-87AF-5555608ED3BE}
		{A094F420-F331-4E71-87AF-5555608ED3BE} = {BDE056AA-B878-4C05-838A-FF36B4A3B0AD}
		{A6377B72-790A-4535-8085-974E0CB5CDA6} = {BDE056AA-B878-4C05-838A-FF36B4A3B0AD}
		{EE9C1135-2CFF-4886-BD49-ACA97B0F5C89} = {A6377B72-790A-4535-8085-974E0CB5CDA6}
		{9F6BABB4-514C-4A8D-8CA7-2E8CE954C6F2} = {A6377B72-790A-4535-8085-974E0CB5CDA6}
		{4165EB8D-9FF5-4B73-A088-0C9E330AA9ED} = {2D2DFBC8-9EA1-451D-9779-823226440CF1}
		{FD6E442F-14EC-4B30-AC58-456CD8FA790E} = {833F0150-2E9C-4124-AFBB-944AB9FD52F6}
		{B03BDBA2-159D-4B30-BE3B-858B8D773BE3} = {A77CF37A-44D8-472B-9A74-5DDDB41BC950}
		{348D2AAE-B48D-4135-9EEB-AE55FD8A9F1C} = {EE9C1135-2CFF-4886-BD49-ACA97B0F5C89}
		{8CC792BF-F2B3-4C5B-BB6D-D56F10943159} = {9F6BABB4-514C-4A8D-8CA7-2E8CE954C6F2}
		{02FA1F91-F800-43A3-80A5-0EC7E7ACFED4} = {9F6BABB4-514C-4A8D-8CA7-2E8CE954C6F2}
		{4B42FA48-748E-401A-8AB5-2CA340D6E763} = {BDE056AA-B878-4C05-838A-FF36B4A3B0AD}
		{581FA0CF-FB25-43F9-BD58-4C02BE272F4F} = {4B42FA48-748E-401A-8AB5-2CA340D6E763}
	EndGlobalSection
EndGlobal
